github.com/google/uuid v1.0.0 h1:b4Gk+7WdP/d3HZH8EJsZpvV7EtDOgaZLtnaNGIu1adA=
github.com/google/uuid v1.0.0/go.mod h1:TIyPZe4MgqvfeYDBFedMoGGpEw/LqOeaOT+nhxU+yHo=
github.com/goqianjin/gosamples v1.1.3 h1:Vpkge3fWHePV1zRqXTT5rrmPXnimhF0WLTt11JaS5As=
github.com/goqianjin/gosamples v1.1.3/go.mod h1:Ronp5o4qEkrROiNWqkPHrmwyeq7DbvBkXK8ZBRSn3MA=
github.com/goqianjin/gosamples v1.1.4 h1:3K7DBccmL6xquYz0+elOjIGLG5iT5igGZ3WrsNVX+rg=
github.com/goqianjin/gosamples v1.1.4/go.mod h1:Ronp5o4qEkrROiNWqkPHrmwyeq7DbvBkXK8ZBRSn3MA=
